
Microsoft Visual Studio Solution File, Format Version 12.00
# Visual Studio Version 17
VisualStudioVersion = 17.0.31521.260
MinimumVisualStudioVersion = 10.0.40219.1
Project("{888888A0-9F3D-457C-B088-3A5042F75D52}") = "cafe", "cafe.pyproj", "{B4D2EB70-BD85-4C47-907B-EABA3F6A4A37}"
EndProject
Global
	GlobalSection(SolutionConfigurationPlatforms) = preSolution
		Debug|Any CPU = Debug|Any CPU
		Release|Any CPU = Release|Any CPU
	EndGlobalSection
	GlobalSection(ProjectConfigurationPlatforms) = postSolution
		{B4D2EB70-BD85-4C47-907B-EABA3F6A4A37}.Debug|Any CPU.ActiveCfg = Debug|Any CPU
		{B4D2EB70-BD85-4C47-907B-EABA3F6A4A37}.Release|Any CPU.ActiveCfg = Release|Any CPU
	EndGlobalSection
	GlobalSection(SolutionProperties) = preSolution
		HideSolutionNode = FALSE
	EndGlobalSection
	GlobalSection(ExtensibilityGlobals) = postSolution
		SolutionGuid = {DC991033-DA90-4859-8FF3-B839C37842F9}
	EndGlobalSection
EndGlobal
